
Microsoft Visual Studio Solution File, Format Version 12.00
# Visual Studio Version 17
VisualStudioVersion = 17.13.35913.81 d17.13
MinimumVisualStudioVersion = 10.0.40219.1
Project("{54A90642-561A-4BB1-A94E-469ADEE60C69}") = "A2v10.FormDesigner", "A2v10.FormDesigner.esproj", "{3D44E409-2547-23DC-06CD-50C766B30008}"
EndProject
Global
	GlobalSection(SolutionConfigurationPlatforms) = preSolution
		Debug|Any CPU = Debug|Any CPU
		Release|Any CPU = Release|Any CPU
	EndGlobalSection
	GlobalSection(ProjectConfigurationPlatforms) = postSolution
		{3D44E409-2547-23DC-06CD-50C766B30008}.Debug|Any CPU.ActiveCfg = Debug|Any CPU
		{3D44E409-2547-23DC-06CD-50C766B30008}.Debug|Any CPU.Build.0 = Debug|Any CPU
		{3D44E409-2547-23DC-06CD-50C766B30008}.Debug|Any CPU.Deploy.0 = Debug|Any CPU
		{3D44E409-2547-23DC-06CD-50C766B30008}.Release|Any CPU.ActiveCfg = Release|Any CPU
		{3D44E409-2547-23DC-06CD-50C766B30008}.Release|Any CPU.Build.0 = Release|Any CPU
		{3D44E409-2547-23DC-06CD-50C766B30008}.Release|Any CPU.Deploy.0 = Release|Any CPU
	EndGlobalSection
	GlobalSection(SolutionProperties) = preSolution
		HideSolutionNode = FALSE
	EndGlobalSection
	GlobalSection(ExtensibilityGlobals) = postSolution
		SolutionGuid = {122BE550-B1E8-4B9D-BB10-470C93F3EF1F}
	EndGlobalSection
EndGlobal
